{
  "lockfile-version": 1,
  "manifest": {
    "schema-version": "1.12.0",
    "install": {
      "act": {
        "pkg-path": "act"
      },
      "betterleaks": {
        "pkg-path": "betterleaks"
      },
      "bun": {
        "pkg-path": "bun"
      },
      "canopy": {
        "flake": "git+file:///home/rona/Repositories/.ru/RogerNavelsaker/nixpkg-canopy",
        "outputs": [
          "out",
          "cn"
        ]
      },
      "fd": {
        "pkg-path": "fd"
      },
      "gcc": {
        "pkg-path": "gcc"
      },
      "gnugrep": {
        "pkg-path": "gnugrep"
      },
      "mulch": {
        "flake": "git+file:///home/rona/Repositories/.ru/RogerNavelsaker/nixpkg-mulch",
        "outputs": [
          "out",
          "ml"
        ]
      },
      "nixfmt": {
        "pkg-path": "nixfmt-rfc-style"
      },
      "procps": {
        "pkg-path": "procps"
      },
      "ripgrep": {
        "pkg-path": "ripgrep"
      },
      "seeds": {
        "flake": "git+file:///home/rona/Repositories/.ru/RogerNavelsaker/nixpkg-seeds",
        "outputs": [
          "out",
          "sd"
        ]
      },
      "trellis": {
        "flake": "git+file:///home/rona/Repositories/.ru/RogerNavelsaker/nixpkg-trellis",
        "outputs": [
          "out",
          "tl"
        ]
      },
      "typescript-language-server": {
        "pkg-path": "typescript-language-server"
      }
    },
    "vars": {
      "NODE_ENV": "development"
    },
    "hook": {
      "on-activate": "  export PATH=\"$FLOX_ENV_PROJECT/scripts:$PATH\"\n  GCC_RUNTIME_LIB=\"$(dirname \"$(gcc -print-file-name=libstdc++.so.6)\")\"\n  export LD_LIBRARY_PATH=\"$GCC_RUNTIME_LIB${LD_LIBRARY_PATH:+:$LD_LIBRARY_PATH}\"\n\n  if [ -f package.json ] && [ ! -d node_modules ]; then\n    echo \"Installing dependencies...\"\n    bun install\n  fi\n\n  cat <<'EOF'\nSenshac Development Environment\n\nAstro + Alpine.js + HTMX + UnoCSS\n\nQuick Commands:\n  dx <command>                          Run through direnv exec .\n  fx <command>                          Project workflow shortcuts\n  dev [start|stop|restart|status|log]   Astro dev server\n  cms [start|stop|restart|status|log]   TinaCMS + Astro\n  bun run build                         Build for production\n  bun run preview                       Preview production build\n  bun run check                         Run Astro check\n  bun run deploy                        Deploy to Cloudflare Pages\n  sd, ml, cn, tl                        Seeds, Mulch, Canopy, Trellis\nEOF\n"
    },
    "profile": {},
    "options": {
      "systems": [
        "x86_64-linux"
      ]
    }
  },
  "packages": [
    {
      "attr_path": "act",
      "broken": false,
      "derivation": "/nix/store/cj05rfyv8yka0xzpg2g6r08zg9y7jzs3-act-0.2.89.drv",
      "description": "Run your GitHub Actions locally",
      "install_id": "act",
      "license": "MIT",
      "locked_url": "https://github.com/flox/nixpkgs?rev=a799d3e3886da994fa307f817a6bc705ae538eeb",
      "name": "act-0.2.89",
      "pname": "act",
      "rev": "a799d3e3886da994fa307f817a6bc705ae538eeb",
      "rev_count": 1011622,
      "rev_date": "2026-06-06T12:30:50Z",
      "scrape_date": "2026-06-08T04:53:14.150758Z",
      "stabilities": [
        "unstable"
      ],
      "unfree": false,
      "version": "0.2.89",
      "outputs_to_install": [
        "out"
      ],
      "outputs": {
        "out": "/nix/store/q9wh1f9ygjvwpa9k1lyb9jy05nynxdna-act-0.2.89"
      },
      "system": "x86_64-linux",
      "group": "toplevel",
      "priority": 5
    },
    {
      "attr_path": "betterleaks",
      "broken": false,
      "derivation": "/nix/store/wrv3947k056dk8kdhmyx7mvvbkbv37wg-betterleaks-1.4.0.drv",
      "description": "Scan code for secrets",
      "install_id": "betterleaks",
      "license": "MIT",
      "locked_url": "https://github.com/flox/nixpkgs?rev=a799d3e3886da994fa307f817a6bc705ae538eeb",
      "name": "betterleaks-1.4.0",
      "pname": "betterleaks",
      "rev": "a799d3e3886da994fa307f817a6bc705ae538eeb",
      "rev_count": 1011622,
      "rev_date": "2026-06-06T12:30:50Z",
      "scrape_date": "2026-06-08T04:53:14.431201Z",
      "stabilities": [
        "unstable"
      ],
      "unfree": false,
      "version": "1.4.0",
      "outputs_to_install": [
        "out"
      ],
      "outputs": {
        "out": "/nix/store/g7sjawl1fnv9gdawah7fr80pn4rpxykm-betterleaks-1.4.0"
      },
      "system": "x86_64-linux",
      "group": "toplevel",
      "priority": 5
    },
    {
      "attr_path": "bun",
      "broken": false,
      "derivation": "/nix/store/pymjz37lyh092z3r60q6h826rxqljfzz-bun-1.3.13.drv",
      "description": "Incredibly fast JavaScript runtime, bundler, transpiler and package manager – all in one",
      "install_id": "bun",
      "license": "[ MIT, LGPL-2.1-only ]",
      "locked_url": "https://github.com/flox/nixpkgs?rev=a799d3e3886da994fa307f817a6bc705ae538eeb",
      "name": "bun-1.3.13",
      "pname": "bun",
      "rev": "a799d3e3886da994fa307f817a6bc705ae538eeb",
      "rev_count": 1011622,
      "rev_date": "2026-06-06T12:30:50Z",
      "scrape_date": "2026-06-08T04:53:14.523235Z",
      "stabilities": [
        "unstable"
      ],
      "unfree": false,
      "version": "1.3.13",
      "outputs_to_install": [
        "out"
      ],
      "outputs": {
        "out": "/nix/store/z1cxjx705fswwjjns0sw2ysbd5jqxfgm-bun-1.3.13"
      },
      "system": "x86_64-linux",
      "group": "toplevel",
      "priority": 5
    },
    {
      "attr_path": "fd",
      "broken": false,
      "derivation": "/nix/store/ac3jivgmd030p7bbscdcjcis0pb41qbp-fd-10.4.2.drv",
      "description": "Simple, fast and user-friendly alternative to find",
      "install_id": "fd",
      "license": "[ Apache-2.0, MIT ]",
      "locked_url": "https://github.com/flox/nixpkgs?rev=a799d3e3886da994fa307f817a6bc705ae538eeb",
      "name": "fd-10.4.2",
      "pname": "fd",
      "rev": "a799d3e3886da994fa307f817a6bc705ae538eeb",
      "rev_count": 1011622,
      "rev_date": "2026-06-06T12:30:50Z",
      "scrape_date": "2026-06-08T04:53:15.797539Z",
      "stabilities": [
        "unstable"
      ],
      "unfree": false,
      "version": "10.4.2",
      "outputs_to_install": [
        "out"
      ],
      "outputs": {
        "out": "/nix/store/wci2b3l9gs8nq3alx6czffsq55bg44cv-fd-10.4.2"
      },
      "system": "x86_64-linux",
      "group": "toplevel",
      "priority": 5
    },
    {
      "attr_path": "gcc",
      "broken": false,
      "derivation": "/nix/store/y7wnv3kycy9gpxzwmny1sppi7il9i31a-gcc-wrapper-15.2.0.drv",
      "description": "GNU Compiler Collection, version 15.2.0 (wrapper script)",
      "install_id": "gcc",
      "license": "GPL-3.0-or-later",
      "locked_url": "https://github.com/flox/nixpkgs?rev=a799d3e3886da994fa307f817a6bc705ae538eeb",
      "name": "gcc-wrapper-15.2.0",
      "pname": "gcc",
      "rev": "a799d3e3886da994fa307f817a6bc705ae538eeb",
      "rev_count": 1011622,
      "rev_date": "2026-06-06T12:30:50Z",
      "scrape_date": "2026-06-08T04:53:16.181338Z",
      "stabilities": [
        "unstable"
      ],
      "unfree": false,
      "version": "15.2.0",
      "outputs_to_install": [
        "man",
        "man",
        "out",
        "out",
        "out"
      ],
      "outputs": {
        "info": "/nix/store/5b0hplrl0n9g159mcis4jca1fjd4822a-gcc-wrapper-15.2.0-info",
        "man": "/nix/store/r35yg8h1w630r3lmnyglwhv5nvk284mx-gcc-wrapper-15.2.0-man",
        "out": "/nix/store/788mx070y81zjlg5ipcl0cra3afviw9k-gcc-wrapper-15.2.0"
      },
      "system": "x86_64-linux",
      "group": "toplevel",
      "priority": 5
    },
    {
      "attr_path": "gnugrep",
      "broken": false,
      "derivation": "/nix/store/8z0ip4s3i9ghw3yljf19c1mhvz4571pg-gnugrep-3.12.drv",
      "description": "GNU implementation of the Unix grep command",
      "install_id": "gnugrep",
      "license": "GPL-3.0-or-later",
      "locked_url": "https://github.com/flox/nixpkgs?rev=a799d3e3886da994fa307f817a6bc705ae538eeb",
      "name": "gnugrep-3.12",
      "pname": "gnugrep",
      "rev": "a799d3e3886da994fa307f817a6bc705ae538eeb",
      "rev_count": 1011622,
      "rev_date": "2026-06-06T12:30:50Z",
      "scrape_date": "2026-06-08T04:53:17.117133Z",
      "stabilities": [
        "unstable"
      ],
      "unfree": false,
      "version": "3.12",
      "outputs_to_install": [
        "out",
        "out",
        "out",
        "out",
        "out",
        "out"
      ],
      "outputs": {
        "info": "/nix/store/sycfd661ry96dl1xw5k1qa3q93b9ms45-gnugrep-3.12-info",
        "out": "/nix/store/gn94gpcp5q08x4v6g8mvw8v4r65rcjzk-gnugrep-3.12"
      },
      "system": "x86_64-linux",
      "group": "toplevel",
      "priority": 5
    },
    {
      "attr_path": "nixfmt-rfc-style",
      "broken": false,
      "derivation": "/nix/store/7ph3r341l8wq63x41pba7z0w68xzvr2v-nixfmt-1.3.1.drv",
      "description": "Official formatter for Nix code",
      "install_id": "nixfmt",
      "license": "MPL-2.0",
      "locked_url": "https://github.com/flox/nixpkgs?rev=a799d3e3886da994fa307f817a6bc705ae538eeb",
      "name": "nixfmt-1.3.1",
      "pname": "nixfmt-rfc-style",
      "rev": "a799d3e3886da994fa307f817a6bc705ae538eeb",
      "rev_count": 1011622,
      "rev_date": "2026-06-06T12:30:50Z",
      "scrape_date": "2026-06-08T04:53:58.172001Z",
      "stabilities": [
        "unstable"
      ],
      "unfree": false,
      "version": "1.3.1",
      "outputs_to_install": [
        "out"
      ],
      "outputs": {
        "out": "/nix/store/sgijssgx5ylh2vhajwp98f9sbhsdwhjy-nixfmt-1.3.1"
      },
      "system": "x86_64-linux",
      "group": "toplevel",
      "priority": 5
    },
    {
      "attr_path": "procps",
      "broken": false,
      "derivation": "/nix/store/62srfi0dwnwa19s2dqj9agfxsykn63qp-procps-4.0.6.drv",
      "description": "Utilities that give information about processes using the /proc filesystem",
      "install_id": "procps",
      "license": "GPL-2.0-or-later",
      "locked_url": "https://github.com/flox/nixpkgs?rev=a799d3e3886da994fa307f817a6bc705ae538eeb",
      "name": "procps-4.0.6",
      "pname": "procps",
      "rev": "a799d3e3886da994fa307f817a6bc705ae538eeb",
      "rev_count": 1011622,
      "rev_date": "2026-06-06T12:30:50Z",
      "scrape_date": "2026-06-08T04:54:21.966852Z",
      "stabilities": [
        "unstable"
      ],
      "unfree": false,
      "version": "4.0.6",
      "outputs_to_install": [
        "out",
        "out"
      ],
      "outputs": {
        "out": "/nix/store/5cfwmqmymsqynbyqq0vkbpf6914550x7-procps-4.0.6"
      },
      "system": "x86_64-linux",
      "group": "toplevel",
      "priority": 5
    },
    {
      "attr_path": "ripgrep",
      "broken": false,
      "derivation": "/nix/store/iqqcq02llqxrgbid7g8q56vqkdvs20ww-ripgrep-15.1.0.drv",
      "description": "Utility that combines the usability of The Silver Searcher with the raw speed of grep",
      "install_id": "ripgrep",
      "license": "[ Unlicense, MIT ]",
      "locked_url": "https://github.com/flox/nixpkgs?rev=a799d3e3886da994fa307f817a6bc705ae538eeb",
      "name": "ripgrep-15.1.0",
      "pname": "ripgrep",
      "rev": "a799d3e3886da994fa307f817a6bc705ae538eeb",
      "rev_count": 1011622,
      "rev_date": "2026-06-06T12:30:50Z",
      "scrape_date": "2026-06-08T04:55:31.640823Z",
      "stabilities": [
        "unstable"
      ],
      "unfree": false,
      "version": "15.1.0",
      "outputs_to_install": [
        "out"
      ],
      "outputs": {
        "out": "/nix/store/ixsp81bia5w1fqd2d59vwbcfqk3n5231-ripgrep-15.1.0"
      },
      "system": "x86_64-linux",
      "group": "toplevel",
      "priority": 5
    },
    {
      "attr_path": "typescript-language-server",
      "broken": false,
      "derivation": "/nix/store/31y2wzwdvzbcyl6acyfyqp1vr5l5ki22-typescript-language-server-5.3.0.drv",
      "description": "Language Server Protocol implementation for TypeScript using tsserver",
      "install_id": "typescript-language-server",
      "license": "[ Apache-2.0, MIT ]",
      "locked_url": "https://github.com/flox/nixpkgs?rev=a799d3e3886da994fa307f817a6bc705ae538eeb",
      "name": "typescript-language-server-5.3.0",
      "pname": "typescript-language-server",
      "rev": "a799d3e3886da994fa307f817a6bc705ae538eeb",
      "rev_count": 1011622,
      "rev_date": "2026-06-06T12:30:50Z",
      "scrape_date": "2026-06-08T04:56:43.625735Z",
      "stabilities": [
        "unstable"
      ],
      "unfree": false,
      "version": "5.3.0",
      "outputs_to_install": [
        "out"
      ],
      "outputs": {
        "out": "/nix/store/j5391wan9kq7kf16623zp161mchwrpfp-typescript-language-server-5.3.0"
      },
      "system": "x86_64-linux",
      "group": "toplevel",
      "priority": 5
    },
    {
      "install_id": "canopy",
      "locked-url": "git+file:///home/rona/Repositories/.ru/RogerNavelsaker/nixpkg-canopy?ref=refs/heads/main&rev=afe8267b197fe9d29a80f4e9de8c3d55310dee47",
      "flake-description": "Nix packaging scaffold for @os-eco/canopy-cli",
      "locked-flake-attr-path": "packages.x86_64-linux.default",
      "derivation": "/nix/store/dsqxqcggxvyv2894g9hwmsdfkqdzg5yd-canopy-0.2.4-r1.drv",
      "outputs": {
        "cn": "/nix/store/570x7df0crjzk8hmhqx0igyv9lk283yi-canopy-0.2.4-r1-cn",
        "out": "/nix/store/yikaxjkniccfqc8mygrz3ziwr40si21g-canopy-0.2.4-r1"
      },
      "output-names": [
        "out",
        "cn"
      ],
      "outputs-to-install": [
        "out"
      ],
      "requested-outputs-to-install": [],
      "package-system": "x86_64-linux",
      "system": "x86_64-linux",
      "name": "canopy-0.2.4-r1",
      "pname": "canopy",
      "version": "0.2.4-r1",
      "broken": false,
      "unfree": false,
      "priority": 5
    },
    {
      "install_id": "mulch",
      "locked-url": "git+file:///home/rona/Repositories/.ru/RogerNavelsaker/nixpkg-mulch",
      "flake-description": "Nix packaging scaffold for @os-eco/mulch-cli",
      "locked-flake-attr-path": "packages.x86_64-linux.default",
      "derivation": "/nix/store/01wfywk2wikk1acd4hxlzymsildld8s0-mulch-0.10.7-r1.drv",
      "outputs": {
        "ml": "/nix/store/239apvmzwpkshxlssh9z1ir6g0ivbckf-mulch-0.10.7-r1-ml",
        "out": "/nix/store/b5cxw8iai73m9llb2niiq7rxjfl370wl-mulch-0.10.7-r1"
      },
      "output-names": [
        "out",
        "ml"
      ],
      "outputs-to-install": [
        "out"
      ],
      "requested-outputs-to-install": [],
      "package-system": "x86_64-linux",
      "system": "x86_64-linux",
      "name": "mulch-0.10.7-r1",
      "pname": "mulch",
      "version": "0.10.7-r1",
      "broken": false,
      "unfree": false,
      "priority": 5
    },
    {
      "install_id": "seeds",
      "locked-url": "git+file:///home/rona/Repositories/.ru/RogerNavelsaker/nixpkg-seeds?ref=refs/heads/main&rev=873371b5859dde8b6d4dc5a89c3315647c9f8e05",
      "flake-description": "Nix packaging scaffold for @os-eco/seeds-cli",
      "locked-flake-attr-path": "packages.x86_64-linux.default",
      "derivation": "/nix/store/whh5x9i993n0x4psli2mz9x0fj2sclim-seeds-0.2.5-r5.drv",
      "outputs": {
        "out": "/nix/store/0wb5mmwqc06x0p0cp0zz3v5js9hf61m0-seeds-0.2.5-r5",
        "sd": "/nix/store/ljmnmsbzi1l5a9qsx2jxm2zsl5l3pgld-seeds-0.2.5-r5-sd"
      },
      "output-names": [
        "out",
        "sd"
      ],
      "outputs-to-install": [
        "out"
      ],
      "requested-outputs-to-install": [],
      "package-system": "x86_64-linux",
      "system": "x86_64-linux",
      "name": "seeds-0.2.5-r5",
      "pname": "seeds",
      "version": "0.2.5-r5",
      "broken": false,
      "unfree": false,
      "priority": 5
    },
    {
      "install_id": "trellis",
      "locked-url": "git+file:///home/rona/Repositories/.ru/RogerNavelsaker/nixpkg-trellis?ref=refs/heads/main&rev=e643cfd1786daa2624df3ca5b0b8d9fd2cdf1d55",
      "flake-description": "Nix packaging scaffold for @os-eco/trellis-cli",
      "locked-flake-attr-path": "packages.x86_64-linux.default",
      "derivation": "/nix/store/mhcj0g0vsmp7caiq3sfiv0033agqyqa5-trellis-0.2.1-r2.drv",
      "outputs": {
        "out": "/nix/store/j5hs2raayv0rz7c5smsibyypzsnxpgss-trellis-0.2.1-r2",
        "tl": "/nix/store/30yc46v5chs0qkgkz08fxj3gqil7knkv-trellis-0.2.1-r2-tl"
      },
      "output-names": [
        "out",
        "tl"
      ],
      "outputs-to-install": [
        "out"
      ],
      "requested-outputs-to-install": [],
      "package-system": "x86_64-linux",
      "system": "x86_64-linux",
      "name": "trellis-0.2.1-r2",
      "pname": "trellis",
      "version": "0.2.1-r2",
      "broken": false,
      "unfree": false,
      "priority": 5
    }
  ]
}
